
Microsoft Visual Studio Solution File, Format Version 12.00
# Visual Studio 15
VisualStudioVersion = 15.0.28307.902
MinimumVisualStudioVersion = 10.0.40219.1
Project("{FAE04EC0-301F-11D3-BF4B-00C04F79EFBC}") = "WpfMvvmExample", "WPF_MVVM_example\WpfMvvmExample.csproj", "{9BF9A8BE-A89C-4F0B-9FD9-4AE57EBAC25E}"
EndProject
Project("{FAE04EC0-301F-11D3-BF4B-00C04F79EFBC}") = "TreeViewExample", "TreeViewExample\TreeViewExample.csproj", "{317FDF46-19DB-4D19-A396-303139AA577B}"
EndProject
Project("{FAE04EC0-301F-11D3-BF4B-00C04F79EFBC}") = "WPF_MVVM_TestProject", "WPF_MVVM_TestProject\WPF_MVVM_TestProject.csproj", "{9180CF78-0032-4A77-829A-E8C2DA912469}"
EndProject
Project("{FAE04EC0-301F-11D3-BF4B-00C04F79EFBC}") = "ConfigurationToolStructurePOC", "ConfigurationToolStructurePOC\ConfigurationToolStructurePOC.csproj", "{6BFAB9EE-F35D-4C08-A56A-2E9AB7FE09AA}"
EndProject
Project("{FAE04EC0-301F-11D3-BF4B-00C04F79EFBC}") = "ConfigurationTool_TestProject", "ConfigurationTool_TestProject\ConfigurationTool_TestProject.csproj", "{F887705B-7F26-4CC4-95A8-595EC9A4DEA5}"
EndProject
Global
	GlobalSection(SolutionConfigurationPlatforms) = preSolution
		Debug|Any CPU = Debug|Any CPU
		Release|Any CPU = Release|Any CPU
	EndGlobalSection
	GlobalSection(ProjectConfigurationPlatforms) = postSolution
		{9BF9A8BE-A89C-4F0B-9FD9-4AE57EBAC25E}.Debug|Any CPU.ActiveCfg = Debug|Any CPU
		{9BF9A8BE-A89C-4F0B-9FD9-4AE57EBAC25E}.Debug|Any CPU.Build.0 = Debug|Any CPU
		{9BF9A8BE-A89C-4F0B-9FD9-4AE57EBAC25E}.Release|Any CPU.ActiveCfg = Release|Any CPU
		{9BF9A8BE-A89C-4F0B-9FD9-4AE57EBAC25E}.Release|Any CPU.Build.0 = Release|Any CPU
		{317FDF46-19DB-4D19-A396-303139AA577B}.Debug|Any CPU.ActiveCfg = Debug|Any CPU
		{317FDF46-19DB-4D19-A396-303139AA577B}.Debug|Any CPU.Build.0 = Debug|Any CPU
		{317FDF46-19DB-4D19-A396-303139AA577B}.Release|Any CPU.ActiveCfg = Release|Any CPU
		{317FDF46-19DB-4D19-A396-303139AA577B}.Release|Any CPU.Build.0 = Release|Any CPU
		{9180CF78-0032-4A77-829A-E8C2DA912469}.Debug|Any CPU.ActiveCfg = Debug|Any CPU
		{9180CF78-0032-4A77-829A-E8C2DA912469}.Debug|Any CPU.Build.0 = Debug|Any CPU
		{9180CF78-0032-4A77-829A-E8C2DA912469}.Release|Any CPU.ActiveCfg = Release|Any CPU
		{9180CF78-0032-4A77-829A-E8C2DA912469}.Release|Any CPU.Build.0 = Release|Any CPU
		{6BFAB9EE-F35D-4C08-A56A-2E9AB7FE09AA}.Debug|Any CPU.ActiveCfg = Debug|Any CPU
		{6BFAB9EE-F35D-4C08-A56A-2E9AB7FE09AA}.Debug|Any CPU.Build.0 = Debug|Any CPU
		{6BFAB9EE-F35D-4C08-A56A-2E9AB7FE09AA}.Release|Any CPU.ActiveCfg = Release|Any CPU
		{6BFAB9EE-F35D-4C08-A56A-2E9AB7FE09AA}.Release|Any CPU.Build.0 = Release|Any CPU
		{F887705B-7F26-4CC4-95A8-595EC9A4DEA5}.Debug|Any CPU.ActiveCfg = Debug|Any CPU
		{F887705B-7F26-4CC4-95A8-595EC9A4DEA5}.Debug|Any CPU.Build.0 = Debug|Any CPU
		{F887705B-7F26-4CC4-95A8-595EC9A4DEA5}.Release|Any CPU.ActiveCfg = Release|Any CPU
		{F887705B-7F26-4CC4-95A8-595EC9A4DEA5}.Release|Any CPU.Build.0 = Release|Any CPU
	EndGlobalSection
	GlobalSection(SolutionProperties) = preSolution
		HideSolutionNode = FALSE
	EndGlobalSection
	GlobalSection(ExtensibilityGlobals) = postSolution
		SolutionGuid = {26745911-8876-4267-81F2-811F676525DF}
	EndGlobalSection
EndGlobal
